
Microsoft Visual Studio Solution File, Format Version 12.00
# Visual Studio Version 16
VisualStudioVersion = 16.0.29926.136
MinimumVisualStudioVersion = 10.0.40219.1
Project("{9A19103F-16F7-4668-BE54-9A1E7A4F7556}") = "GlobalHook.Core", "GlobalHook.Core\GlobalHook.Core.csproj", "{39404952-26C7-4022-8A96-ED639BD9A110}"
EndProject
Project("{9A19103F-16F7-4668-BE54-9A1E7A4F7556}") = "GlobalHook.Core.Windows", "GlobalHook.Core.Windows\GlobalHook.Core.Windows.csproj", "{5ECCFB53-578F-4841-8E65-CB146C76F5E1}"
EndProject
Project("{9A19103F-16F7-4668-BE54-9A1E7A4F7556}") = "GlobalHook.Demo.Console", "GlobalHook.Demo.Console\GlobalHook.Demo.Console.csproj", "{D1F8B844-DF26-426B-95DA-AA0368A59480}"
EndProject
Project("{9A19103F-16F7-4668-BE54-9A1E7A4F7556}") = "GlobalHook.Demo.WinForms", "GlobalHook.Demo.WinForms\GlobalHook.Demo.WinForms.csproj", "{3BA8B96B-5A26-456D-9F5A-7146BAAA7E87}"
EndProject
Global
	GlobalSection(SolutionConfigurationPlatforms) = preSolution
		Debug|Any CPU = Debug|Any CPU
		Release|Any CPU = Release|Any CPU
	EndGlobalSection
	GlobalSection(ProjectConfigurationPlatforms) = postSolution
		{39404952-26C7-4022-8A96-ED639BD9A110}.Debug|Any CPU.ActiveCfg = Debug|Any CPU
		{39404952-26C7-4022-8A96-ED639BD9A110}.Debug|Any CPU.Build.0 = Debug|Any CPU
		{39404952-26C7-4022-8A96-ED639BD9A110}.Release|Any CPU.ActiveCfg = Release|Any CPU
		{39404952-26C7-4022-8A96-ED639BD9A110}.Release|Any CPU.Build.0 = Release|Any CPU
		{5ECCFB53-578F-4841-8E65-CB146C76F5E1}.Debug|Any CPU.ActiveCfg = Debug|Any CPU
		{5ECCFB53-578F-4841-8E65-CB146C76F5E1}.Debug|Any CPU.Build.0 = Debug|Any CPU
		{5ECCFB53-578F-4841-8E65-CB146C76F5E1}.Release|Any CPU.ActiveCfg = Release|Any CPU
		{5ECCFB53-578F-4841-8E65-CB146C76F5E1}.Release|Any CPU.Build.0 = Release|Any CPU
		{D1F8B844-DF26-426B-95DA-AA0368A59480}.Debug|Any CPU.ActiveCfg = Debug|Any CPU
		{D1F8B844-DF26-426B-95DA-AA0368A59480}.Debug|Any CPU.Build.0 = Debug|Any CPU
		{D1F8B844-DF26-426B-95DA-AA0368A59480}.Release|Any CPU.ActiveCfg = Release|Any CPU
		{D1F8B844-DF26-426B-95DA-AA0368A59480}.Release|Any CPU.Build.0 = Release|Any CPU
		{3BA8B96B-5A26-456D-9F5A-7146BAAA7E87}.Debug|Any CPU.ActiveCfg = Debug|Any CPU
		{3BA8B96B-5A26-456D-9F5A-7146BAAA7E87}.Debug|Any CPU.Build.0 = Debug|Any CPU
		{3BA8B96B-5A26-456D-9F5A-7146BAAA7E87}.Release|Any CPU.ActiveCfg = Release|Any CPU
		{3BA8B96B-5A26-456D-9F5A-7146BAAA7E87}.Release|Any CPU.Build.0 = Release|Any CPU
	EndGlobalSection
	GlobalSection(SolutionProperties) = preSolution
		HideSolutionNode = FALSE
	EndGlobalSection
	GlobalSection(ExtensibilityGlobals) = postSolution
		SolutionGuid = {553CF73A-7848-4E75-BCB5-CF29B96C2F22}
	EndGlobalSection
EndGlobal
